
Microsoft Visual Studio Solution File, Format Version 12.00
# Visual Studio Version 17
VisualStudioVersion = 17.0.32002.185
MinimumVisualStudioVersion = 10.0.40219.1
Project("{FAE04EC0-301F-11D3-BF4B-00C04F79EFBC}") = "MinigamesAPI", "MinigamesAPI\MinigamesAPI.csproj", "{A6C9F43A-1B38-436F-BF52-FEEB6471229B}"
EndProject
Project("{FAE04EC0-301F-11D3-BF4B-00C04F79EFBC}") = "MinigamesBusinessLayerMethods", "MinigamesBusinessLayerMethods\MinigamesBusinessLayerMethods.csproj", "{3AE83C3E-61D3-4EEB-AE17-E3634D799879}"
EndProject
Project("{FAE04EC0-301F-11D3-BF4B-00C04F79EFBC}") = "MinigamesDatabase", "MinigamesDatabase\MinigamesDatabase.csproj", "{A8F3E3BA-D1D6-484B-9A81-ECAFC4B7CD3B}"
EndProject
Project("{FAE04EC0-301F-11D3-BF4B-00C04F79EFBC}") = "MinigamesTests", "MinigamesTests\MinigamesTests.csproj", "{E234790B-69D0-4445-A7CA-CCE8CE6A48E5}"
EndProject
Global
	GlobalSection(SolutionConfigurationPlatforms) = preSolution
		Debug|Any CPU = Debug|Any CPU
		Release|Any CPU = Release|Any CPU
	EndGlobalSection
	GlobalSection(ProjectConfigurationPlatforms) = postSolution
		{A6C9F43A-1B38-436F-BF52-FEEB6471229B}.Debug|Any CPU.ActiveCfg = Debug|Any CPU
		{A6C9F43A-1B38-436F-BF52-FEEB6471229B}.Debug|Any CPU.Build.0 = Debug|Any CPU
		{A6C9F43A-1B38-436F-BF52-FEEB6471229B}.Release|Any CPU.ActiveCfg = Release|Any CPU
		{A6C9F43A-1B38-436F-BF52-FEEB6471229B}.Release|Any CPU.Build.0 = Release|Any CPU
		{3AE83C3E-61D3-4EEB-AE17-E3634D799879}.Debug|Any CPU.ActiveCfg = Debug|Any CPU
		{3AE83C3E-61D3-4EEB-AE17-E3634D799879}.Debug|Any CPU.Build.0 = Debug|Any CPU
		{3AE83C3E-61D3-4EEB-AE17-E3634D799879}.Release|Any CPU.ActiveCfg = Release|Any CPU
		{3AE83C3E-61D3-4EEB-AE17-E3634D799879}.Release|Any CPU.Build.0 = Release|Any CPU
		{A8F3E3BA-D1D6-484B-9A81-ECAFC4B7CD3B}.Debug|Any CPU.ActiveCfg = Debug|Any CPU
		{A8F3E3BA-D1D6-484B-9A81-ECAFC4B7CD3B}.Debug|Any CPU.Build.0 = Debug|Any CPU
		{A8F3E3BA-D1D6-484B-9A81-ECAFC4B7CD3B}.Release|Any CPU.ActiveCfg = Release|Any CPU
		{A8F3E3BA-D1D6-484B-9A81-ECAFC4B7CD3B}.Release|Any CPU.Build.0 = Release|Any CPU
		{E234790B-69D0-4445-A7CA-CCE8CE6A48E5}.Debug|Any CPU.ActiveCfg = Debug|Any CPU
		{E234790B-69D0-4445-A7CA-CCE8CE6A48E5}.Debug|Any CPU.Build.0 = Debug|Any CPU
		{E234790B-69D0-4445-A7CA-CCE8CE6A48E5}.Release|Any CPU.ActiveCfg = Release|Any CPU
		{E234790B-69D0-4445-A7CA-CCE8CE6A48E5}.Release|Any CPU.Build.0 = Release|Any CPU
	EndGlobalSection
	GlobalSection(SolutionProperties) = preSolution
		HideSolutionNode = FALSE
	EndGlobalSection
	GlobalSection(ExtensibilityGlobals) = postSolution
		SolutionGuid = {2CD65D95-3180-468C-9571-2E3079D3F7F4}
	EndGlobalSection
EndGlobal
